
Microsoft Visual Studio Solution File, Format Version 12.00
# Visual Studio Version 17
VisualStudioVersion = 17.11.35219.272
MinimumVisualStudioVersion = 10.0.40219.1
Project("{8BC9CEB8-8B4A-11D0-8D11-00A0C91BC942}") = "LearnAlgorithm", "LearnAlgorithm\LearnAlgorithm.vcxproj", "{DD2D4D47-13BE-41D8-9EAF-8B2BFFA9FB65}"
EndProject
Project("{8BC9CEB8-8B4A-11D0-8D11-00A0C91BC942}") = "BinarySearch", "BinarySearch\BinarySearch.vcxproj", "{2209F160-9E37-49C6-8CA6-B230CDA899CC}"
EndProject
Project("{8BC9CEB8-8B4A-11D0-8D11-00A0C91BC942}") = "SelectionSort", "SelectionSort\SelectionSort.vcxproj", "{164CBB12-FAF9-40D2-86F7-55757361F36B}"
EndProject
Project("{8BC9CEB8-8B4A-11D0-8D11-00A0C91BC942}") = "Recursion", "Recursion\Recursion.vcxproj", "{D4ACE3AE-C46F-4954-9774-6872E759EB3C}"
EndProject
Global
	GlobalSection(SolutionConfigurationPlatforms) = preSolution
		Debug|x64 = Debug|x64
		Debug|x86 = Debug|x86
		Release|x64 = Release|x64
		Release|x86 = Release|x86
	EndGlobalSection
	GlobalSection(ProjectConfigurationPlatforms) = postSolution
		{DD2D4D47-13BE-41D8-9EAF-8B2BFFA9FB65}.Debug|x64.ActiveCfg = Debug|x64
		{DD2D4D47-13BE-41D8-9EAF-8B2BFFA9FB65}.Debug|x64.Build.0 = Debug|x64
		{DD2D4D47-13BE-41D8-9EAF-8B2BFFA9FB65}.Debug|x86.ActiveCfg = Debug|Win32
		{DD2D4D47-13BE-41D8-9EAF-8B2BFFA9FB65}.Debug|x86.Build.0 = Debug|Win32
		{DD2D4D47-13BE-41D8-9EAF-8B2BFFA9FB65}.Release|x64.ActiveCfg = Release|x64
		{DD2D4D47-13BE-41D8-9EAF-8B2BFFA9FB65}.Release|x64.Build.0 = Release|x64
		{DD2D4D47-13BE-41D8-9EAF-8B2BFFA9FB65}.Release|x86.ActiveCfg = Release|Win32
		{DD2D4D47-13BE-41D8-9EAF-8B2BFFA9FB65}.Release|x86.Build.0 = Release|Win32
		{2209F160-9E37-49C6-8CA6-B230CDA899CC}.Debug|x64.ActiveCfg = Debug|x64
		{2209F160-9E37-49C6-8CA6-B230CDA899CC}.Debug|x64.Build.0 = Debug|x64
		{2209F160-9E37-49C6-8CA6-B230CDA899CC}.Debug|x86.ActiveCfg = Debug|Win32
		{2209F160-9E37-49C6-8CA6-B230CDA899CC}.Debug|x86.Build.0 = Debug|Win32
		{2209F160-9E37-49C6-8CA6-B230CDA899CC}.Release|x64.ActiveCfg = Release|x64
		{2209F160-9E37-49C6-8CA6-B230CDA899CC}.Release|x64.Build.0 = Release|x64
		{2209F160-9E37-49C6-8CA6-B230CDA899CC}.Release|x86.ActiveCfg = Release|Win32
		{2209F160-9E37-49C6-8CA6-B230CDA899CC}.Release|x86.Build.0 = Release|Win32
		{164CBB12-FAF9-40D2-86F7-55757361F36B}.Debug|x64.ActiveCfg = Debug|x64
		{164CBB12-FAF9-40D2-86F7-55757361F36B}.Debug|x64.Build.0 = Debug|x64
		{164CBB12-FAF9-40D2-86F7-55757361F36B}.Debug|x86.ActiveCfg = Debug|Win32
		{164CBB12-FAF9-40D2-86F7-55757361F36B}.Debug|x86.Build.0 = Debug|Win32
		{164CBB12-FAF9-40D2-86F7-55757361F36B}.Release|x64.ActiveCfg = Release|x64
		{164CBB12-FAF9-40D2-86F7-55757361F36B}.Release|x64.Build.0 = Release|x64
		{164CBB12-FAF9-40D2-86F7-55757361F36B}.Release|x86.ActiveCfg = Release|Win32
		{164CBB12-FAF9-40D2-86F7-55757361F36B}.Release|x86.Build.0 = Release|Win32
		{D4ACE3AE-C46F-4954-9774-6872E759EB3C}.Debug|x64.ActiveCfg = Debug|x64
		{D4ACE3AE-C46F-4954-9774-6872E759EB3C}.Debug|x64.Build.0 = Debug|x64
		{D4ACE3AE-C46F-4954-9774-6872E759EB3C}.Debug|x86.ActiveCfg = Debug|Win32
		{D4ACE3AE-C46F-4954-9774-6872E759EB3C}.Debug|x86.Build.0 = Debug|Win32
		{D4ACE3AE-C46F-4954-9774-6872E759EB3C}.Release|x64.ActiveCfg = Release|x64
		{D4ACE3AE-C46F-4954-9774-6872E759EB3C}.Release|x64.Build.0 = Release|x64
		{D4ACE3AE-C46F-4954-9774-6872E759EB3C}.Release|x86.ActiveCfg = Release|Win32
		{D4ACE3AE-C46F-4954-9774-6872E759EB3C}.Release|x86.Build.0 = Release|Win32
	EndGlobalSection
	GlobalSection(SolutionProperties) = preSolution
		HideSolutionNode = FALSE
	EndGlobalSection
	GlobalSection(ExtensibilityGlobals) = postSolution
		SolutionGuid = {05448B37-7B23-4BED-9F87-5D116917D998}
	EndGlobalSection
EndGlobal
